
Microsoft Visual Studio Solution File, Format Version 12.00
# Visual Studio Version 17
VisualStudioVersion = 17.13.35825.156 d17.13
MinimumVisualStudioVersion = 10.0.40219.1
Project("{FAE04EC0-301F-11D3-BF4B-00C04F79EFBC}") = "DrugPrevention.Repositories.TuyenTM", "DrugPrevention.Repositories.TuyenTM\DrugPrevention.Repositories.TuyenTM.csproj", "{40CA3DA1-70F5-46BE-BBEE-8285DE9AD11B}"
EndProject
Project("{FAE04EC0-301F-11D3-BF4B-00C04F79EFBC}") = "DrugPrevention.Services.TuyenTM", "DrugPrevention.Services.TuyenTM\DrugPrevention.Services.TuyenTM.csproj", "{E67BFF10-CA31-49DC-9998-8C299AE2E3D1}"
EndProject
Project("{FAE04EC0-301F-11D3-BF4B-00C04F79EFBC}") = "DrugPrevention.RazorWebApp.TuyenTM", "DrugPrevention.RazorWebApp.TuyenTM\DrugPrevention.RazorWebApp.TuyenTM.csproj", "{7740A5AE-5E48-4278-BA72-53875B2B2C04}"
EndProject
Global
	GlobalSection(SolutionConfigurationPlatforms) = preSolution
		Debug|Any CPU = Debug|Any CPU
		Release|Any CPU = Release|Any CPU
	EndGlobalSection
	GlobalSection(ProjectConfigurationPlatforms) = postSolution
		{40CA3DA1-70F5-46BE-BBEE-8285DE9AD11B}.Debug|Any CPU.ActiveCfg = Debug|Any CPU
		{40CA3DA1-70F5-46BE-BBEE-8285DE9AD11B}.Debug|Any CPU.Build.0 = Debug|Any CPU
		{40CA3DA1-70F5-46BE-BBEE-8285DE9AD11B}.Release|Any CPU.ActiveCfg = Release|Any CPU
		{40CA3DA1-70F5-46BE-BBEE-8285DE9AD11B}.Release|Any CPU.Build.0 = Release|Any CPU
		{E67BFF10-CA31-49DC-9998-8C299AE2E3D1}.Debug|Any CPU.ActiveCfg = Debug|Any CPU
		{E67BFF10-CA31-49DC-9998-8C299AE2E3D1}.Debug|Any CPU.Build.0 = Debug|Any CPU
		{E67BFF10-CA31-49DC-9998-8C299AE2E3D1}.Release|Any CPU.ActiveCfg = Release|Any CPU
		{E67BFF10-CA31-49DC-9998-8C299AE2E3D1}.Release|Any CPU.Build.0 = Release|Any CPU
		{7740A5AE-5E48-4278-BA72-53875B2B2C04}.Debug|Any CPU.ActiveCfg = Debug|Any CPU
		{7740A5AE-5E48-4278-BA72-53875B2B2C04}.Debug|Any CPU.Build.0 = Debug|Any CPU
		{7740A5AE-5E48-4278-BA72-53875B2B2C04}.Release|Any CPU.ActiveCfg = Release|Any CPU
		{7740A5AE-5E48-4278-BA72-53875B2B2C04}.Release|Any CPU.Build.0 = Release|Any CPU
	EndGlobalSection
	GlobalSection(SolutionProperties) = preSolution
		HideSolutionNode = FALSE
	EndGlobalSection
	GlobalSection(ExtensibilityGlobals) = postSolution
		SolutionGuid = {46F26951-C07F-42EF-A6DE-08AF520C7B30}
	EndGlobalSection
EndGlobal
